# This file is automatically @generated by Cargo.
# It is not intended for manual editing.
version = 4

[[package]]
name = "camino"
version = "1.2.6"
source = "registry+https://github.com/rust-lang/crates.io-index"
checksum = "bbbad30e4b4c14a39e3cc8aed085a12a327257c316619c93581e017bc52be591"

[[package]]
name = "cfg-if"
version = "1.0.5"
source = "registry+https://github.com/rust-lang/crates.io-index"
checksum = "4e7648175b45a9a48536d676f68d918270699102aa8dab5496df06904c914600"

[[package]]
name = "pathdiff"
version = "0.2.3"
dependencies = [
 "camino",
 "cfg-if",
]
