# This file is automatically @generated by Cargo.
# It is not intended for manual editing.
version = 4

[[package]]
name = "ci-gen"
version = "0.0.0"
dependencies = [
 "gh-actions-gen",
]

[[package]]
name = "gh-actions-gen"
version = "0.1.0"
source = "git+https://github.com/stepancheg/gh-actions-gen?rev=5f33e6b5bce2c3d76919d67f96d8dbe2e042743d#5f33e6b5bce2c3d76919d67f96d8dbe2e042743d"
dependencies = [
 "yaml-rust",
]

[[package]]
name = "linked-hash-map"
version = "0.5.6"
source = "registry+https://github.com/rust-lang/crates.io-index"
checksum = "0717cef1bc8b636c6e1c1bbdefc09e6322da8a9321966e8928ef80d20f7f770f"

[[package]]
name = "protoc-bin-vendored"
version = "3.3.0"
dependencies = [
 "protoc-bin-vendored-linux-aarch_64",
 "protoc-bin-vendored-linux-ppcle_64",
 "protoc-bin-vendored-linux-s390_64",
 "protoc-bin-vendored-linux-x86_32",
 "protoc-bin-vendored-linux-x86_64",
 "protoc-bin-vendored-macos-aarch_64",
 "protoc-bin-vendored-macos-x86_64",
 "protoc-bin-vendored-win32",
]

[[package]]
name = "protoc-bin-vendored-linux-aarch_64"
version = "3.3.0"

[[package]]
name = "protoc-bin-vendored-linux-ppcle_64"
version = "3.3.0"

[[package]]
name = "protoc-bin-vendored-linux-s390_64"
version = "3.3.0"

[[package]]
name = "protoc-bin-vendored-linux-x86_32"
version = "3.3.0"

[[package]]
name = "protoc-bin-vendored-linux-x86_64"
version = "3.3.0"

[[package]]
name = "protoc-bin-vendored-macos-aarch_64"
version = "3.3.0"

[[package]]
name = "protoc-bin-vendored-macos-x86_64"
version = "3.3.0"

[[package]]
name = "protoc-bin-vendored-win32"
version = "3.3.0"

[[package]]
name = "yaml-rust"
version = "0.4.5"
source = "registry+https://github.com/rust-lang/crates.io-index"
checksum = "56c1936c4cc7a1c9ab21a1ebb602eb942ba868cbd44a99cb7cdc5892335e1c85"
dependencies = [
 "linked-hash-map",
]
