# This file is automatically @generated by Cargo.
# It is not intended for manual editing.
[[package]]
name = "dissimilar"
version = "1.0.11"
source = "registry+https://github.com/rust-lang/crates.io-index"

[[package]]
name = "equivalent"
version = "1.0.2"
source = "registry+https://github.com/rust-lang/crates.io-index"

[[package]]
name = "glob"
version = "0.3.4"
source = "registry+https://github.com/rust-lang/crates.io-index"

[[package]]
name = "hashbrown"
version = "0.17.1"
source = "registry+https://github.com/rust-lang/crates.io-index"

[[package]]
name = "indexmap"
version = "2.14.0"
source = "registry+https://github.com/rust-lang/crates.io-index"
dependencies = [
 "equivalent 1.0.2 (registry+https://github.com/rust-lang/crates.io-index)",
 "hashbrown 0.17.1 (registry+https://github.com/rust-lang/crates.io-index)",
]

[[package]]
name = "itoa"
version = "1.0.18"
source = "registry+https://github.com/rust-lang/crates.io-index"

[[package]]
name = "memchr"
version = "2.8.3"
source = "registry+https://github.com/rust-lang/crates.io-index"

[[package]]
name = "proc-macro2"
version = "1.0.107"
source = "registry+https://github.com/rust-lang/crates.io-index"
dependencies = [
 "unicode-ident 1.0.24 (registry+https://github.com/rust-lang/crates.io-index)",
]

[[package]]
name = "quote"
version = "1.0.47"
source = "registry+https://github.com/rust-lang/crates.io-index"
dependencies = [
 "proc-macro2 1.0.107 (registry+https://github.com/rust-lang/crates.io-index)",
]

[[package]]
name = "rustversion"
version = "1.0.22"
dependencies = [
 "trybuild 1.0.120 (registry+https://github.com/rust-lang/crates.io-index)",
]

[[package]]
name = "serde"
version = "1.0.229"
source = "registry+https://github.com/rust-lang/crates.io-index"
dependencies = [
 "serde_core 1.0.229 (registry+https://github.com/rust-lang/crates.io-index)",
]

[[package]]
name = "serde_core"
version = "1.0.229"
source = "registry+https://github.com/rust-lang/crates.io-index"
dependencies = [
 "serde_derive 1.0.229 (registry+https://github.com/rust-lang/crates.io-index)",
]

[[package]]
name = "serde_derive"
version = "1.0.229"
source = "registry+https://github.com/rust-lang/crates.io-index"
dependencies = [
 "proc-macro2 1.0.107 (registry+https://github.com/rust-lang/crates.io-index)",
 "quote 1.0.47 (registry+https://github.com/rust-lang/crates.io-index)",
 "syn 3.0.3 (registry+https://github.com/rust-lang/crates.io-index)",
]

[[package]]
name = "serde_json"
version = "1.0.151"
source = "registry+https://github.com/rust-lang/crates.io-index"
dependencies = [
 "itoa 1.0.18 (registry+https://github.com/rust-lang/crates.io-index)",
 "memchr 2.8.3 (registry+https://github.com/rust-lang/crates.io-index)",
 "serde 1.0.229 (registry+https://github.com/rust-lang/crates.io-index)",
 "serde_core 1.0.229 (registry+https://github.com/rust-lang/crates.io-index)",
 "zmij 1.0.23 (registry+https://github.com/rust-lang/crates.io-index)",
]

[[package]]
name = "serde_spanned"
version = "1.1.1"
source = "registry+https://github.com/rust-lang/crates.io-index"
dependencies = [
 "serde_core 1.0.229 (registry+https://github.com/rust-lang/crates.io-index)",
]

[[package]]
name = "syn"
version = "3.0.3"
source = "registry+https://github.com/rust-lang/crates.io-index"
dependencies = [
 "proc-macro2 1.0.107 (registry+https://github.com/rust-lang/crates.io-index)",
 "quote 1.0.47 (registry+https://github.com/rust-lang/crates.io-index)",
 "unicode-ident 1.0.24 (registry+https://github.com/rust-lang/crates.io-index)",
]

[[package]]
name = "target-triple"
version = "1.0.1"
source = "registry+https://github.com/rust-lang/crates.io-index"

[[package]]
name = "termcolor"
version = "1.4.1"
source = "registry+https://github.com/rust-lang/crates.io-index"
dependencies = [
 "winapi-util 0.1.11 (registry+https://github.com/rust-lang/crates.io-index)",
]

[[package]]
name = "toml"
version = "1.1.4+spec-1.1.0"
source = "registry+https://github.com/rust-lang/crates.io-index"
dependencies = [
 "indexmap 2.14.0 (registry+https://github.com/rust-lang/crates.io-index)",
 "serde_core 1.0.229 (registry+https://github.com/rust-lang/crates.io-index)",
 "serde_spanned 1.1.1 (registry+https://github.com/rust-lang/crates.io-index)",
 "toml_datetime 1.1.1+spec-1.1.0 (registry+https://github.com/rust-lang/crates.io-index)",
 "toml_parser 1.1.3+spec-1.1.0 (registry+https://github.com/rust-lang/crates.io-index)",
 "toml_writer 1.1.2+spec-1.1.0 (registry+https://github.com/rust-lang/crates.io-index)",
 "winnow 1.0.4 (registry+https://github.com/rust-lang/crates.io-index)",
]

[[package]]
name = "toml_datetime"
version = "1.1.1+spec-1.1.0"
source = "registry+https://github.com/rust-lang/crates.io-index"
dependencies = [
 "serde_core 1.0.229 (registry+https://github.com/rust-lang/crates.io-index)",
]

[[package]]
name = "toml_parser"
version = "1.1.3+spec-1.1.0"
source = "registry+https://github.com/rust-lang/crates.io-index"
dependencies = [
 "winnow 1.0.4 (registry+https://github.com/rust-lang/crates.io-index)",
]

[[package]]
name = "toml_writer"
version = "1.1.2+spec-1.1.0"
source = "registry+https://github.com/rust-lang/crates.io-index"

[[package]]
name = "trybuild"
version = "1.0.120"
source = "registry+https://github.com/rust-lang/crates.io-index"
dependencies = [
 "dissimilar 1.0.11 (registry+https://github.com/rust-lang/crates.io-index)",
 "glob 0.3.4 (registry+https://github.com/rust-lang/crates.io-index)",
 "serde 1.0.229 (registry+https://github.com/rust-lang/crates.io-index)",
 "serde_derive 1.0.229 (registry+https://github.com/rust-lang/crates.io-index)",
 "serde_json 1.0.151 (registry+https://github.com/rust-lang/crates.io-index)",
 "target-triple 1.0.1 (registry+https://github.com/rust-lang/crates.io-index)",
 "termcolor 1.4.1 (registry+https://github.com/rust-lang/crates.io-index)",
 "toml 1.1.4+spec-1.1.0 (registry+https://github.com/rust-lang/crates.io-index)",
]

[[package]]
name = "unicode-ident"
version = "1.0.24"
source = "registry+https://github.com/rust-lang/crates.io-index"

[[package]]
name = "winapi-util"
version = "0.1.11"
source = "registry+https://github.com/rust-lang/crates.io-index"
dependencies = [
 "windows-sys 0.61.2 (registry+https://github.com/rust-lang/crates.io-index)",
]

[[package]]
name = "windows-link"
version = "0.2.1"
source = "registry+https://github.com/rust-lang/crates.io-index"

[[package]]
name = "windows-sys"
version = "0.61.2"
source = "registry+https://github.com/rust-lang/crates.io-index"
dependencies = [
 "windows-link 0.2.1 (registry+https://github.com/rust-lang/crates.io-index)",
]

[[package]]
name = "winnow"
version = "1.0.4"
source = "registry+https://github.com/rust-lang/crates.io-index"

[[package]]
name = "zmij"
version = "1.0.23"
source = "registry+https://github.com/rust-lang/crates.io-index"

[metadata]
"checksum dissimilar 1.0.11 (registry+https://github.com/rust-lang/crates.io-index)" = "aeda16ab4059c5fd2a83f2b9c9e9c981327b18aa8e3b313f7e6563799d4f093e"
"checksum equivalent 1.0.2 (registry+https://github.com/rust-lang/crates.io-index)" = "877a4ace8713b0bcf2a4e7eec82529c029f1d0619886d18145fea96c3ffe5c0f"
"checksum glob 0.3.4 (registry+https://github.com/rust-lang/crates.io-index)" = "e4eba85ea1d0a966a983acd07deee566e67395d2d96b6fb39e62b5a833f1eb0b"
"checksum hashbrown 0.17.1 (registry+https://github.com/rust-lang/crates.io-index)" = "ed5909b6e89a2db4456e54cd5f673791d7eca6732202bbf2a9cc504fe2f9b84a"
"checksum indexmap 2.14.0 (registry+https://github.com/rust-lang/crates.io-index)" = "d466e9454f08e4a911e14806c24e16fba1b4c121d1ea474396f396069cf949d9"
"checksum itoa 1.0.18 (registry+https://github.com/rust-lang/crates.io-index)" = "8f42a60cbdf9a97f5d2305f08a87dc4e09308d1276d28c869c684d7777685682"
"checksum memchr 2.8.3 (registry+https://github.com/rust-lang/crates.io-index)" = "cf8baf1c55e62ffcace7a9f06f4bd9cd3f0c4beb022d3b367256b91b87513d98"
"checksum proc-macro2 1.0.107 (registry+https://github.com/rust-lang/crates.io-index)" = "985e7ec9bb745e6ce6535b544d84d6cd6f7ad8bd711c398938ae983b91a766d9"
"checksum quote 1.0.47 (registry+https://github.com/rust-lang/crates.io-index)" = "1fbf4db142a473a8d80c26bbf18454ed458bf8d26c8219c331daecfdbd079001"
"checksum serde 1.0.229 (registry+https://github.com/rust-lang/crates.io-index)" = "4148590afebada386688f18773da617792bf2ef03ffc1e4cbd2b1d45b023e0ba"
"checksum serde_core 1.0.229 (registry+https://github.com/rust-lang/crates.io-index)" = "67dca2c9c51e58a4791a4b1ed58308b39c64224d349a935ab5039aa360942a48"
"checksum serde_derive 1.0.229 (registry+https://github.com/rust-lang/crates.io-index)" = "e7a5d71263a5a7d47b41f6b3f06ba276f10cc18b0931f1799f710578e2309348"
"checksum serde_json 1.0.151 (registry+https://github.com/rust-lang/crates.io-index)" = "c841b55ecdae098c80dcae9cf767f6f8a0c2cdb3416bbef72181df4d0fe73f14"
"checksum serde_spanned 1.1.1 (registry+https://github.com/rust-lang/crates.io-index)" = "6662b5879511e06e8999a8a235d848113e942c9124f211511b16466ee2995f26"
"checksum syn 3.0.3 (registry+https://github.com/rust-lang/crates.io-index)" = "53e9bae58849f64dfa4f5d5ae372c8341f7305f82a3868709269343628b659a3"
"checksum target-triple 1.0.1 (registry+https://github.com/rust-lang/crates.io-index)" = "c3a6bfce3d99adfa72d24750a61f782f3036a81e7f86d8841ee1326deaebd171"
"checksum termcolor 1.4.1 (registry+https://github.com/rust-lang/crates.io-index)" = "06794f8f6c5c898b3275aebefa6b8a1cb24cd2c6c79397ab15774837a0bc5755"
"checksum toml 1.1.4+spec-1.1.0 (registry+https://github.com/rust-lang/crates.io-index)" = "3aace63f4bbcdfc2c965b059de67119c89c4017a70d633be6c104910f67056f5"
"checksum toml_datetime 1.1.1+spec-1.1.0 (registry+https://github.com/rust-lang/crates.io-index)" = "3165f65f62e28e0115a00b2ebdd37eb6f3b641855f9d636d3cd4103767159ad7"
"checksum toml_parser 1.1.3+spec-1.1.0 (registry+https://github.com/rust-lang/crates.io-index)" = "1d38ac1cf9b95face32296c0a3ede1fdc270627c9d9c02a7274dd6d960dc4d56"
"checksum toml_writer 1.1.2+spec-1.1.0 (registry+https://github.com/rust-lang/crates.io-index)" = "7d56353a2a665ad0f41a421187180aab746c8c325620617ad883a99a1cbe66d2"
"checksum trybuild 1.0.120 (registry+https://github.com/rust-lang/crates.io-index)" = "1e605bf6b39357663d8ba4e984f8be8da8df6bb32e81031d6889024ea8fd68e4"
"checksum unicode-ident 1.0.24 (registry+https://github.com/rust-lang/crates.io-index)" = "e6e4313cd5fcd3dad5cafa179702e2b244f760991f45397d14d4ebf38247da75"
"checksum winapi-util 0.1.11 (registry+https://github.com/rust-lang/crates.io-index)" = "c2a7b1c03c876122aa43f3020e6c3c3ee5c05081c9a00739faf7503aeba10d22"
"checksum windows-link 0.2.1 (registry+https://github.com/rust-lang/crates.io-index)" = "f0805222e57f7521d6a62e36fa9163bc891acd422f971defe97d64e70d0a4fe5"
"checksum windows-sys 0.61.2 (registry+https://github.com/rust-lang/crates.io-index)" = "ae137229bcbd6cdf0f7b80a31df61766145077ddf49416a728b02cb3921ff3fc"
"checksum winnow 1.0.4 (registry+https://github.com/rust-lang/crates.io-index)" = "23b97319f7b8343df12cc98938e5c3eb436064524c8d2b4e30a1d3a36eecdf81"
"checksum zmij 1.0.23 (registry+https://github.com/rust-lang/crates.io-index)" = "29666d0abbfad1e3dc4dcf6144730dd3a3ab225bbbdac83319345b1b44ccfc1b"
