# This file is automatically @generated by Cargo.
# It is not intended for manual editing.
[[package]]
name = "tinyvec"
version = "1.13.3"
source = "registry+https://github.com/rust-lang/crates.io-index"

[[package]]
name = "unicode-normalization"
version = "0.1.24"
dependencies = [
 "tinyvec 1.13.3 (registry+https://github.com/rust-lang/crates.io-index)",
]

[metadata]
"checksum tinyvec 1.13.3 (registry+https://github.com/rust-lang/crates.io-index)" = "fd3ca314f692efd6c868f8408f53fe444634a845f96c028b97d35f6a1f79f0ee"
