# This file is automatically @generated by Cargo.
# It is not intended for manual editing.
version = 4

[[package]]
name = "dogged"
version = "0.2.0"
source = "registry+https://github.com/rust-lang/crates.io-index"
checksum = "2638df109789fe360f0d9998c5438dd19a36678aaf845e46f285b688b1a1657a"

[[package]]
name = "ena"
version = "0.14.3"
dependencies = [
 "dogged",
 "log",
]

[[package]]
name = "log"
version = "0.4.34"
source = "registry+https://github.com/rust-lang/crates.io-index"
checksum = "f9f8bd3e56ce4dfc153cf470fffbfa98c7620958b312ca5c3a4b8d5181fd13c6"
