# This file is automatically @generated by Cargo.
# It is not intended for manual editing.
[[package]]
name = "once_cell"
version = "1.14.0"
source = "registry+https://github.com/rust-lang/crates.io-index"

[[package]]
name = "tap"
version = "1.0.1"
source = "registry+https://github.com/rust-lang/crates.io-index"

[[package]]
name = "wyz"
version = "0.6.1"
dependencies = [
 "once_cell 1.14.0 (registry+https://github.com/rust-lang/crates.io-index)",
 "tap 1.0.1 (registry+https://github.com/rust-lang/crates.io-index)",
]

[metadata]
"checksum once_cell 1.14.0 (registry+https://github.com/rust-lang/crates.io-index)" = "2f7254b99e31cad77da24b08ebf628882739a608578bb1bcdfc1f9c21260d7c0"
"checksum tap 1.0.1 (registry+https://github.com/rust-lang/crates.io-index)" = "55937e1799185b12863d447f42597ed69d9928686b8d88a1df17376a097d8369"
